
Microsoft Visual Studio Solution File, Format Version 12.00
# Visual Studio Version 16
VisualStudioVersion = 16.0.32602.291
MinimumVisualStudioVersion = 10.0.40219.1
Project("{9A19103F-16F7-4668-BE54-9A1E7A4F7556}") = "Server", "Server\Server.csproj", "{245027EB-1C78-44C2-AE0A-349589091AFB}"
EndProject
Project("{9A19103F-16F7-4668-BE54-9A1E7A4F7556}") = "DummyClient", "DummyClient\DummyClient.csproj", "{70106271-DAF1-47D7-A071-32087CDB137D}"
EndProject
Project("{9A19103F-16F7-4668-BE54-9A1E7A4F7556}") = "ServerCore", "ServerCore\ServerCore.csproj", "{8412CD6B-73D8-414A-BE5F-C04CB96CC63E}"
EndProject
Project("{FAE04EC0-301F-11D3-BF4B-00C04F79EFBC}") = "PacketGenerator", "PacketGenerator\PacketGenerator.csproj", "{44EB886B-ED19-4C54-94F2-CB09FCED18BE}"
EndProject
Project("{2150E333-8FDC-42A3-9474-1A3956D46DE8}") = "Tools", "Tools", "{1FA6C862-18D2-4040-9AED-08910B44AAC7}"
EndProject
Global
	GlobalSection(SolutionConfigurationPlatforms) = preSolution
		Debug|Any CPU = Debug|Any CPU
		Release|Any CPU = Release|Any CPU
	EndGlobalSection
	GlobalSection(ProjectConfigurationPlatforms) = postSolution
		{245027EB-1C78-44C2-AE0A-349589091AFB}.Debug|Any CPU.ActiveCfg = Debug|Any CPU
		{245027EB-1C78-44C2-AE0A-349589091AFB}.Debug|Any CPU.Build.0 = Debug|Any CPU
		{245027EB-1C78-44C2-AE0A-349589091AFB}.Release|Any CPU.ActiveCfg = Release|Any CPU
		{245027EB-1C78-44C2-AE0A-349589091AFB}.Release|Any CPU.Build.0 = Release|Any CPU
		{70106271-DAF1-47D7-A071-32087CDB137D}.Debug|Any CPU.ActiveCfg = Debug|Any CPU
		{70106271-DAF1-47D7-A071-32087CDB137D}.Debug|Any CPU.Build.0 = Debug|Any CPU
		{70106271-DAF1-47D7-A071-32087CDB137D}.Release|Any CPU.ActiveCfg = Release|Any CPU
		{70106271-DAF1-47D7-A071-32087CDB137D}.Release|Any CPU.Build.0 = Release|Any CPU
		{8412CD6B-73D8-414A-BE5F-C04CB96CC63E}.Debug|Any CPU.ActiveCfg = Debug|Any CPU
		{8412CD6B-73D8-414A-BE5F-C04CB96CC63E}.Debug|Any CPU.Build.0 = Debug|Any CPU
		{8412CD6B-73D8-414A-BE5F-C04CB96CC63E}.Release|Any CPU.ActiveCfg = Release|Any CPU
		{8412CD6B-73D8-414A-BE5F-C04CB96CC63E}.Release|Any CPU.Build.0 = Release|Any CPU
		{44EB886B-ED19-4C54-94F2-CB09FCED18BE}.Debug|Any CPU.ActiveCfg = Debug|Any CPU
		{44EB886B-ED19-4C54-94F2-CB09FCED18BE}.Debug|Any CPU.Build.0 = Debug|Any CPU
		{44EB886B-ED19-4C54-94F2-CB09FCED18BE}.Release|Any CPU.ActiveCfg = Release|Any CPU
		{44EB886B-ED19-4C54-94F2-CB09FCED18BE}.Release|Any CPU.Build.0 = Release|Any CPU
	EndGlobalSection
	GlobalSection(SolutionProperties) = preSolution
		HideSolutionNode = FALSE
	EndGlobalSection
	GlobalSection(NestedProjects) = preSolution
		{44EB886B-ED19-4C54-94F2-CB09FCED18BE} = {1FA6C862-18D2-4040-9AED-08910B44AAC7}
	EndGlobalSection
	GlobalSection(ExtensibilityGlobals) = postSolution
		SolutionGuid = {2C8ED0A4-6BB4-4D0C-A76B-C5AE8332FADC}
	EndGlobalSection
EndGlobal
